
Microsoft Visual Studio Solution File, Format Version 12.00
# Visual Studio Version 17
VisualStudioVersion = 17.0.31903.59
MinimumVisualStudioVersion = 10.0.40219.1
Project("{9A19103F-16F7-4668-BE54-9A1E7A4F7556}") = "Lab4.Library", "Lab4.Library\Lab4.Library.csproj", "{4960C349-3C6E-427E-88F7-992107E5BED7}"
EndProject
Project("{9A19103F-16F7-4668-BE54-9A1E7A4F7556}") = "Lab4", "Lab4\Lab4.csproj", "{572229B2-E5E0-4B83-B62A-3D76E3F81C32}"
EndProject
Global
	GlobalSection(SolutionConfigurationPlatforms) = preSolution
		Debug|Any CPU = Debug|Any CPU
		Release|Any CPU = Release|Any CPU
	EndGlobalSection
	GlobalSection(ProjectConfigurationPlatforms) = postSolution
		{4960C349-3C6E-427E-88F7-992107E5BED7}.Debug|Any CPU.ActiveCfg = Debug|Any CPU
		{4960C349-3C6E-427E-88F7-992107E5BED7}.Debug|Any CPU.Build.0 = Debug|Any CPU
		{4960C349-3C6E-427E-88F7-992107E5BED7}.Release|Any CPU.ActiveCfg = Release|Any CPU
		{4960C349-3C6E-427E-88F7-992107E5BED7}.Release|Any CPU.Build.0 = Release|Any CPU
		{572229B2-E5E0-4B83-B62A-3D76E3F81C32}.Debug|Any CPU.ActiveCfg = Debug|Any CPU
		{572229B2-E5E0-4B83-B62A-3D76E3F81C32}.Debug|Any CPU.Build.0 = Debug|Any CPU
		{572229B2-E5E0-4B83-B62A-3D76E3F81C32}.Release|Any CPU.ActiveCfg = Release|Any CPU
		{572229B2-E5E0-4B83-B62A-3D76E3F81C32}.Release|Any CPU.Build.0 = Release|Any CPU
	EndGlobalSection
	GlobalSection(SolutionProperties) = preSolution
		HideSolutionNode = FALSE
	EndGlobalSection
	GlobalSection(ExtensibilityGlobals) = postSolution
		SolutionGuid = {B5B33355-C632-4E5D-AA3B-A3A9E253AF70}
	EndGlobalSection
EndGlobal
