
Microsoft Visual Studio Solution File, Format Version 12.00
# Visual Studio Version 17
VisualStudioVersion = 17.11.35327.3
MinimumVisualStudioVersion = 10.0.40219.1
Project("{9A19103F-16F7-4668-BE54-9A1E7A4F7556}") = "Lab6", "Lab6\Lab6.csproj", "{5D80EE66-5324-4E7F-9105-1C0E0C8D5483}"
EndProject
Project("{9A19103F-16F7-4668-BE54-9A1E7A4F7556}") = "Lab5", "Lab5\Lab5.csproj", "{36D94B7D-BD6E-45F0-AC56-0B8FCD97FB04}"
EndProject
Project("{9A19103F-16F7-4668-BE54-9A1E7A4F7556}") = "Lab5.Library", "Lab5.Library\Lab5.Library.csproj", "{8107502D-59B3-4329-B0F8-326F8E4BED4A}"
EndProject
Global
	GlobalSection(SolutionConfigurationPlatforms) = preSolution
		Debug|Any CPU = Debug|Any CPU
		Release|Any CPU = Release|Any CPU
	EndGlobalSection
	GlobalSection(ProjectConfigurationPlatforms) = postSolution
		{5D80EE66-5324-4E7F-9105-1C0E0C8D5483}.Debug|Any CPU.ActiveCfg = Debug|Any CPU
		{5D80EE66-5324-4E7F-9105-1C0E0C8D5483}.Debug|Any CPU.Build.0 = Debug|Any CPU
		{5D80EE66-5324-4E7F-9105-1C0E0C8D5483}.Release|Any CPU.ActiveCfg = Release|Any CPU
		{5D80EE66-5324-4E7F-9105-1C0E0C8D5483}.Release|Any CPU.Build.0 = Release|Any CPU
		{36D94B7D-BD6E-45F0-AC56-0B8FCD97FB04}.Debug|Any CPU.ActiveCfg = Debug|Any CPU
		{36D94B7D-BD6E-45F0-AC56-0B8FCD97FB04}.Debug|Any CPU.Build.0 = Debug|Any CPU
		{36D94B7D-BD6E-45F0-AC56-0B8FCD97FB04}.Release|Any CPU.ActiveCfg = Release|Any CPU
		{36D94B7D-BD6E-45F0-AC56-0B8FCD97FB04}.Release|Any CPU.Build.0 = Release|Any CPU
		{8107502D-59B3-4329-B0F8-326F8E4BED4A}.Debug|Any CPU.ActiveCfg = Debug|Any CPU
		{8107502D-59B3-4329-B0F8-326F8E4BED4A}.Debug|Any CPU.Build.0 = Debug|Any CPU
		{8107502D-59B3-4329-B0F8-326F8E4BED4A}.Release|Any CPU.ActiveCfg = Release|Any CPU
		{8107502D-59B3-4329-B0F8-326F8E4BED4A}.Release|Any CPU.Build.0 = Release|Any CPU
	EndGlobalSection
	GlobalSection(SolutionProperties) = preSolution
		HideSolutionNode = FALSE
	EndGlobalSection
	GlobalSection(ExtensibilityGlobals) = postSolution
		SolutionGuid = {A51AC3A0-2047-4039-ACDF-D5E2D09EAC01}
	EndGlobalSection
EndGlobal
